PODS:
  - flutter_classic_ui (0.0.1):
    - FlutterMacOS
  - FlutterMacOS (1.0.0)

DEPENDENCIES:
  - flutter_classic_ui (from `Flutter/ephemeral/.symlinks/plugins/flutter_classic_ui/macos`)
  - FlutterMacOS (from `Flutter/ephemeral`)

EXTERNAL SOURCES:
  flutter_classic_ui:
    :path: Flutter/ephemeral/.symlinks/plugins/flutter_classic_ui/macos
  FlutterMacOS:
    :path: Flutter/ephemeral

SPEC CHECKSUMS:
  flutter_classic_ui: d4cc7f351bae7414d3b8ef46e81943905b15f21e
  FlutterMacOS: 8f6f14fa908a6fb3fba0cd85dbd81ec4b251fb24

PODFILE CHECKSUM: 7eb978b976557c8c1cd717d8185ec483fd090a82

COCOAPODS: 1.16.2
